
Microsoft Visual Studio Solution File, Format Version 12.00
# Visual Studio Version 16
VisualStudioVersion = 16.0.30611.23
MinimumVisualStudioVersion = 10.0.40219.1
Project("{8BC9CEB8-8B4A-11D0-8D11-00A0C91BC942}") = "Project5", "Project5\Project5.vcxproj", "{D129A703-E34A-4ADE-B02E-8C11532DB241}"
EndProject
Global
	GlobalSection(SolutionConfigurationPlatforms) = preSolution
		Debug|x64 = Debug|x64
		Debug|x86 = Debug|x86
		Release|x64 = Release|x64
		Release|x86 = Release|x86
	EndGlobalSection
	GlobalSection(ProjectConfigurationPlatforms) = postSolution
		{D129A703-E34A-4ADE-B02E-8C11532DB241}.Debug|x64.ActiveCfg = Debug|x64
		{D129A703-E34A-4ADE-B02E-8C11532DB241}.Debug|x64.Build.0 = Debug|x64
		{D129A703-E34A-4ADE-B02E-8C11532DB241}.Debug|x86.ActiveCfg = Debug|Win32
		{D129A703-E34A-4ADE-B02E-8C11532DB241}.Debug|x86.Build.0 = Debug|Win32
		{D129A703-E34A-4ADE-B02E-8C11532DB241}.Release|x64.ActiveCfg = Release|x64
		{D129A703-E34A-4ADE-B02E-8C11532DB241}.Release|x64.Build.0 = Release|x64
		{D129A703-E34A-4ADE-B02E-8C11532DB241}.Release|x86.ActiveCfg = Release|Win32
		{D129A703-E34A-4ADE-B02E-8C11532DB241}.Release|x86.Build.0 = Release|Win32
	EndGlobalSection
	GlobalSection(SolutionProperties) = preSolution
		HideSolutionNode = FALSE
	EndGlobalSection
	GlobalSection(ExtensibilityGlobals) = postSolution
		SolutionGuid = {ED913680-DC10-491A-99CA-864173656C20}
	EndGlobalSection
EndGlobal
